// !$*UTF8*$!
{
	archiveVersion = 1;
	classes = {
	};
	objectVersion = 56;
	objects = {

/* Begin PBXBuildFile section */
		D0BAE6A72DACE6380043277C /* AppDelegate.swift in Sources */ = {isa = PBXBuildFile; fileRef = D0BAE6A62DACE6380043277C /* AppDelegate.swift */; };
		D0BAE6A92DACE6380043277C /* SceneDelegate.swift in Sources */ = {isa = PBXBuildFile; fileRef = D0BAE6A82DACE6380043277C /* SceneDelegate.swift */; };
		D0BAE6AB2DACE6380043277C /* ViewController.swift in Sources */ = {isa = PBXBuildFile; fileRef = D0BAE6AA2DACE6380043277C /* ViewController.swift */; };
		D0BAE6AE2DACE6380043277C /* Main.storyboard in Resources */ = {isa = PBXBuildFile; fileRef = D0BAE6AC2DACE6380043277C /* Main.storyboard */; };
		D0BAE6B02DACE63A0043277C /* Assets.xcassets in Resources */ = {isa = PBXBuildFile; fileRef = D0BAE6AF2DACE63A0043277C /* Assets.xcassets */; };
		D0BAE6B32DACE63A0043277C /* LaunchScreen.storyboard in Resources */ = {isa = PBXBuildFile; fileRef = D0BAE6B12DACE63A0043277C /* LaunchScreen.storyboard */; };
		D0BAE6BE2DACE63A0043277C /* UnderstandingEverythingTests.swift in Sources */ = {isa = PBXBuildFile; fileRef = D0BAE6BD2DACE63A0043277C /* UnderstandingEverythingTests.swift */; };
		D0BAE6C82DACE63A0043277C /* UnderstandingEverythingUITests.swift in Sources */ = {isa = PBXBuildFile; fileRef = D0BAE6C72DACE63A0043277C /* UnderstandingEverythingUITests.swift */; };
		D0BAE6CA2DACE63A0043277C /* UnderstandingEverythingUITestsLaunchTests.swift in Sources */ = {isa = PBXBuildFile; fileRef = D0BAE6C92DACE63A0043277C /* UnderstandingEverythingUITestsLaunchTests.swift */; };
/* End PBXBuildFile section */

/* Begin PBXContainerItemProxy section */
		D0BAE6BA2DACE63A0043277C /* PBXContainerItemProxy */ = {
			isa = PBXContainerItemProxy;
			containerPortal = D0BAE69B2DACE6380043277C /* Project object */;
			proxyType = 1;
			remoteGlobalIDString = D0BAE6A22DACE6380043277C;
			remoteInfo = UnderstandingEverything;
		};
		D0BAE6C42DACE63A0043277C /* PBXContainerItemProxy */ = {
			isa = PBXContainerItemProxy;
			containerPortal = D0BAE69B2DACE6380043277C /* Project object */;
			proxyType = 1;
			remoteGlobalIDString = D0BAE6A22DACE6380043277C;
			remoteInfo = UnderstandingEverything;
		};
/* End PBXContainerItemProxy section */

/* Begin PBXFileReference section */
		D0BAE6A32DACE6380043277C /* UnderstandingEverything.app */ = {isa = PBXFileReference; explicitFileType = wrapper.application; includeInIndex = 0; path = UnderstandingEverything.app; sourceTree = BUILT_PRODUCTS_DIR; };
		D0BAE6A62DACE6380043277C /* AppDelegate.swift */ = {isa = PBXFileReference; lastKnownFileType = sourcecode.swift; path = AppDelegate.swift; sourceTree = "<group>"; };
		D0BAE6A82DACE6380043277C /* SceneDelegate.swift */ = {isa = PBXFileReference; lastKnownFileType = sourcecode.swift; path = SceneDelegate.swift; sourceTree = "<group>"; };
		D0BAE6AA2DACE6380043277C /* ViewController.swift */ = {isa = PBXFileReference; lastKnownFileType = sourcecode.swift; path = ViewController.swift; sourceTree = "<group>"; };
		D0BAE6AD2DACE6380043277C /* Base */ = {isa = PBXFileReference; lastKnownFileType = file.storyboard; name = Base; path = Base.lproj/Main.storyboard; sourceTree = "<group>"; };
		D0BAE6AF2DACE63A0043277C /* Assets.xcassets */ = {isa = PBXFileReference; lastKnownFileType = folder.assetcatalog; path = Assets.xcassets; sourceTree = "<group>"; };
		D0BAE6B22DACE63A0043277C /* Base */ = {isa = PBXFileReference; lastKnownFileType = file.storyboard; name = Base; path = Base.lproj/LaunchScreen.storyboard; sourceTree = "<group>"; };
		D0BAE6B42DACE63A0043277C /* Info.plist */ = {isa = PBXFileReference; lastKnownFileType = text.plist.xml; path = Info.plist; sourceTree = "<group>"; };
		D0BAE6B92DACE63A0043277C /* UnderstandingEverythingTests.xctest */ = {isa = PBXFileReference; explicitFileType = wrapper.cfbundle; includeInIndex = 0; path = UnderstandingEverythingTests.xctest; sourceTree = BUILT_PRODUCTS_DIR; };
		D0BAE6BD2DACE63A0043277C /* UnderstandingEverythingTests.swift */ = {isa = PBXFileReference; lastKnownFileType = sourcecode.swift; path = UnderstandingEverythingTests.swift; sourceTree = "<group>"; };
		D0BAE6C32DACE63A0043277C /* UnderstandingEverythingUITests.xctest */ = {isa = PBXFileReference; explicitFileType = wrapper.cfbundle; includeInIndex = 0; path = UnderstandingEverythingUITests.xctest; sourceTree = BUILT_PRODUCTS_DIR; };
		D0BAE6C72DACE63A0043277C /* UnderstandingEverythingUITests.swift */ = {isa = PBXFileReference; lastKnownFileType = sourcecode.swift; path = UnderstandingEverythingUITests.swift; sourceTree = "<group>"; };
		D0BAE6C92DACE63A0043277C /* UnderstandingEverythingUITestsLaunchTests.swift */ = {isa = PBXFileReference; lastKnownFileType = sourcecode.swift; path = UnderstandingEverythingUITestsLaunchTests.swift; sourceTree = "<group>"; };
/* End PBXFileReference section */

/* Begin PBXFrameworksBuildPhase section */
		D0BAE6A02DACE6380043277C /* Frameworks */ = {
			isa = PBXFrameworksBuildPhase;
			buildActionMask = 2147483647;
			files = (
			);
			runOnlyForDeploymentPostprocessing = 0;
		};
		D0BAE6B62DACE63A0043277C /* Frameworks */ = {
			isa = PBXFrameworksBuildPhase;
			buildActionMask = 2147483647;
			files = (
			);
			runOnlyForDeploymentPostprocessing = 0;
		};
		D0BAE6C02DACE63A0043277C /* Frameworks */ = {
			isa = PBXFrameworksBuildPhase;
			buildActionMask = 2147483647;
			files = (
			);
			runOnlyForDeploymentPostprocessing = 0;
		};
/* End PBXFrameworksBuildPhase section */

/* Begin PBXGroup section */
		D0BAE69A2DACE6380043277C = {
			isa = PBXGroup;
			children = (
				D0BAE6A52DACE6380043277C /* UnderstandingEverything */,
				D0BAE6BC2DACE63A0043277C /* UnderstandingEverythingTests */,
				D0BAE6C62DACE63A0043277C /* UnderstandingEverythingUITests */,
				D0BAE6A42DACE6380043277C /* Products */,
			);
			sourceTree = "<group>";
		};
		D0BAE6A42DACE6380043277C /* Products */ = {
			isa = PBXGroup;
			children = (
				D0BAE6A32DACE6380043277C /* UnderstandingEverything.app */,
				D0BAE6B92DACE63A0043277C /* UnderstandingEverythingTests.xctest */,
				D0BAE6C32DACE63A0043277C /* UnderstandingEverythingUITests.xctest */,
			);
			name = Products;
			sourceTree = "<group>";
		};
		D0BAE6A52DACE6380043277C /* UnderstandingEverything */ = {
			isa = PBXGroup;
			children = (
				D0BAE6A62DACE6380043277C /* AppDelegate.swift */,
				D0BAE6A82DACE6380043277C /* SceneDelegate.swift */,
				D0BAE6AA2DACE6380043277C /* ViewController.swift */,
				D0BAE6AC2DACE6380043277C /* Main.storyboard */,
				D0BAE6AF2DACE63A0043277C /* Assets.xcassets */,
				D0BAE6B12DACE63A0043277C /* LaunchScreen.storyboard */,
				D0BAE6B42DACE63A0043277C /* Info.plist */,
			);
			path = UnderstandingEverything;
			sourceTree = "<group>";
		};
		D0BAE6BC2DACE63A0043277C /* UnderstandingEverythingTests */ = {
			isa = PBXGroup;
			children = (
				D0BAE6BD2DACE63A0043277C /* UnderstandingEverythingTests.swift */,
			);
			path = UnderstandingEverythingTests;
			sourceTree = "<group>";
		};
		D0BAE6C62DACE63A0043277C /* UnderstandingEverythingUITests */ = {
			isa = PBXGroup;
			children = (
				D0BAE6C72DACE63A0043277C /* UnderstandingEverythingUITests.swift */,
				D0BAE6C92DACE63A0043277C /* UnderstandingEverythingUITestsLaunchTests.swift */,
			);
			path = UnderstandingEverythingUITests;
			sourceTree = "<group>";
		};
/* End PBXGroup section */

/* Begin PBXNativeTarget section */
		D0BAE6A22DACE6380043277C /* UnderstandingEverything */ = {
			isa = PBXNativeTarget;
			buildConfigurationList = D0BAE6CD2DACE63A0043277C /* Build configuration list for PBXNativeTarget "UnderstandingEverything" */;
			buildPhases = (
				D0BAE69F2DACE6380043277C /* Sources */,
				D0BAE6A02DACE6380043277C /* Frameworks */,
				D0BAE6A12DACE6380043277C /* Resources */,
			);
			buildRules = (
			);
			dependencies = (
			);
			name = UnderstandingEverything;
			productName = UnderstandingEverything;
			productReference = D0BAE6A32DACE6380043277C /* UnderstandingEverything.app */;
			productType = "com.apple.product-type.application";
		};
		D0BAE6B82DACE63A0043277C /* UnderstandingEverythingTests */ = {
			isa = PBXNativeTarget;
			buildConfigurationList = D0BAE6D02DACE63A0043277C /* Build configuration list for PBXNativeTarget "UnderstandingEverythingTests" */;
			buildPhases = (
				D0BAE6B52DACE63A0043277C /* Sources */,
				D0BAE6B62DACE63A0043277C /* Frameworks */,
				D0BAE6B72DACE63A0043277C /* Resources */,
			);
			buildRules = (
			);
			dependencies = (
				D0BAE6BB2DACE63A0043277C /* PBXTargetDependency */,
			);
			name = UnderstandingEverythingTests;
			productName = UnderstandingEverythingTests;
			productReference = D0BAE6B92DACE63A0043277C /* UnderstandingEverythingTests.xctest */;
			productType = "com.apple.product-type.bundle.unit-test";
		};
		D0BAE6C22DACE63A0043277C /* UnderstandingEverythingUITests */ = {
			isa = PBXNativeTarget;
			buildConfigurationList = D0BAE6D32DACE63A0043277C /* Build configuration list for PBXNativeTarget "UnderstandingEverythingUITests" */;
			buildPhases = (
				D0BAE6BF2DACE63A0043277C /* Sources */,
				D0BAE6C02DACE63A0043277C /* Frameworks */,
				D0BAE6C12DACE63A0043277C /* Resources */,
			);
			buildRules = (
			);
			dependencies = (
				D0BAE6C52DACE63A0043277C /* PBXTargetDependency */,
			);
			name = UnderstandingEverythingUITests;
			productName = UnderstandingEverythingUITests;
			productReference = D0BAE6C32DACE63A0043277C /* UnderstandingEverythingUITests.xctest */;
			productType = "com.apple.product-type.bundle.ui-testing";
		};
/* End PBXNativeTarget section */

/* Begin PBXProject section */
		D0BAE69B2DACE6380043277C /* Project object */ = {
			isa = PBXProject;
			attributes = {
				BuildIndependentTargetsInParallel = 1;
				LastSwiftUpdateCheck = 1420;
				LastUpgradeCheck = 1420;
				TargetAttributes = {
					D0BAE6A22DACE6380043277C = {
						CreatedOnToolsVersion = 14.2;
					};
					D0BAE6B82DACE63A0043277C = {
						CreatedOnToolsVersion = 14.2;
						TestTargetID = D0BAE6A22DACE6380043277C;
					};
					D0BAE6C22DACE63A0043277C = {
						CreatedOnToolsVersion = 14.2;
						TestTargetID = D0BAE6A22DACE6380043277C;
					};
				};
			};
			buildConfigurationList = D0BAE69E2DACE6380043277C /* Build configuration list for PBXProject "UnderstandingEverything" */;
			compatibilityVersion = "Xcode 14.0";
			developmentRegion = en;
			hasScannedForEncodings = 0;
			knownRegions = (
				en,
				Base,
			);
			mainGroup = D0BAE69A2DACE6380043277C;
			productRefGroup = D0BAE6A42DACE6380043277C /* Products */;
			projectDirPath = "";
			projectRoot = "";
			targets = (
				D0BAE6A22DACE6380043277C /* UnderstandingEverything */,
				D0BAE6B82DACE63A0043277C /* UnderstandingEverythingTests */,
				D0BAE6C22DACE63A0043277C /* UnderstandingEverythingUITests */,
			);
		};
/* End PBXProject section */

/* Begin PBXResourcesBuildPhase section */
		D0BAE6A12DACE6380043277C /* Resources */ = {
			isa = PBXResourcesBuildPhase;
			buildActionMask = 2147483647;
			files = (
				D0BAE6B32DACE63A0043277C /* LaunchScreen.storyboard in Resources */,
				D0BAE6B02DACE63A0043277C /* Assets.xcassets in Resources */,
				D0BAE6AE2DACE6380043277C /* Main.storyboard in Resources */,
			);
			runOnlyForDeploymentPostprocessing = 0;
		};
		D0BAE6B72DACE63A0043277C /* Resources */ = {
			isa = PBXResourcesBuildPhase;
			buildActionMask = 2147483647;
			files = (
			);
			runOnlyForDeploymentPostprocessing = 0;
		};
		D0BAE6C12DACE63A0043277C /* Resources */ = {
			isa = PBXResourcesBuildPhase;
			buildActionMask = 2147483647;
			files = (
			);
			runOnlyForDeploymentPostprocessing = 0;
		};
/* End PBXResourcesBuildPhase section */

/* Begin PBXSourcesBuildPhase section */
		D0BAE69F2DACE6380043277C /* Sources */ = {
			isa = PBXSourcesBuildPhase;
			buildActionMask = 2147483647;
			files = (
				D0BAE6AB2DACE6380043277C /* ViewController.swift in Sources */,
				D0BAE6A72DACE6380043277C /* AppDelegate.swift in Sources */,
				D0BAE6A92DACE6380043277C /* SceneDelegate.swift in Sources */,
			);
			runOnlyForDeploymentPostprocessing = 0;
		};
		D0BAE6B52DACE63A0043277C /* Sources */ = {
			isa = PBXSourcesBuildPhase;
			buildActionMask = 2147483647;
			files = (
				D0BAE6BE2DACE63A0043277C /* UnderstandingEverythingTests.swift in Sources */,
			);
			runOnlyForDeploymentPostprocessing = 0;
		};
		D0BAE6BF2DACE63A0043277C /* Sources */ = {
			isa = PBXSourcesBuildPhase;
			buildActionMask = 2147483647;
			files = (
				D0BAE6CA2DACE63A0043277C /* UnderstandingEverythingUITestsLaunchTests.swift in Sources */,
				D0BAE6C82DACE63A0043277C /* UnderstandingEverythingUITests.swift in Sources */,
			);
			runOnlyForDeploymentPostprocessing = 0;
		};
/* End PBXSourcesBuildPhase section */

/* Begin PBXTargetDependency section */
		D0BAE6BB2DACE63A0043277C /* PBXTargetDependency */ = {
			isa = PBXTargetDependency;
			target = D0BAE6A22DACE6380043277C /* UnderstandingEverything */;
			targetProxy = D0BAE6BA2DACE63A0043277C /* PBXContainerItemProxy */;
		};
		D0BAE6C52DACE63A0043277C /* PBXTargetDependency */ = {
			isa = PBXTargetDependency;
			target = D0BAE6A22DACE6380043277C /* UnderstandingEverything */;
			targetProxy = D0BAE6C42DACE63A0043277C /* PBXContainerItemProxy */;
		};
/* End PBXTargetDependency section */

/* Begin PBXVariantGroup section */
		D0BAE6AC2DACE6380043277C /* Main.storyboard */ = {
			isa = PBXVariantGroup;
			children = (
				D0BAE6AD2DACE6380043277C /* Base */,
			);
			name = Main.storyboard;
			sourceTree = "<group>";
		};
		D0BAE6B12DACE63A0043277C /* LaunchScreen.storyboard */ = {
			isa = PBXVariantGroup;
			children = (
				D0BAE6B22DACE63A0043277C /* Base */,
			);
			name = LaunchScreen.storyboard;
			sourceTree = "<group>";
		};
/* End PBXVariantGroup section */

/* Begin XCBuildConfiguration section */
		D0BAE6CB2DACE63A0043277C /* Debug */ = {
			isa = XCBuildConfiguration;
			buildSettings = {
				ALWAYS_SEARCH_USER_PATHS = NO;
				CLANG_ANALYZER_NONNULL = YES;
				CLANG_ANALYZER_NUMBER_OBJECT_CONVERSION = YES_AGGRESSIVE;
				CLANG_CXX_LANGUAGE_STANDARD = "gnu++20";
				CLANG_ENABLE_MODULES = YES;
				CLANG_ENABLE_OBJC_ARC = YES;
				CLANG_ENABLE_OBJC_WEAK = YES;
				CLANG_WARN_BLOCK_CAPTURE_AUTORELEASING = YES;
				CLANG_WARN_BOOL_CONVERSION = YES;
				CLANG_WARN_COMMA = YES;
				CLANG_WARN_CONSTANT_CONVERSION = YES;
				CLANG_WARN_DEPRECATED_OBJC_IMPLEMENTATIONS = YES;
				CLANG_WARN_DIRECT_OBJC_ISA_USAGE = YES_ERROR;
				CLANG_WARN_DOCUMENTATION_COMMENTS = YES;
				CLANG_WARN_EMPTY_BODY = YES;
				CLANG_WARN_ENUM_CONVERSION = YES;
				CLANG_WARN_INFINITE_RECURSION = YES;
				CLANG_WARN_INT_CONVERSION = YES;
				CLANG_WARN_NON_LITERAL_NULL_CONVERSION = YES;
				CLANG_WARN_OBJC_IMPLICIT_RETAIN_SELF = YES;
				CLANG_WARN_OBJC_LITERAL_CONVERSION = YES;
				CLANG_WARN_OBJC_ROOT_CLASS = YES_ERROR;
				CLANG_WARN_QUOTED_INCLUDE_IN_FRAMEWORK_HEADER = YES;
				CLANG_WARN_RANGE_LOOP_ANALYSIS = YES;
				CLANG_WARN_STRICT_PROTOTYPES = YES;
				CLANG_WARN_SUSPICIOUS_MOVE = YES;
				CLANG_WARN_UNGUARDED_AVAILABILITY = YES_AGGRESSIVE;
				CLANG_WARN_UNREACHABLE_CODE = YES;
				CLANG_WARN__DUPLICATE_METHOD_MATCH = YES;
				COPY_PHASE_STRIP = NO;
				DEBUG_INFORMATION_FORMAT = dwarf;
				ENABLE_STRICT_OBJC_MSGSEND = YES;
				ENABLE_TESTABILITY = YES;
				GCC_C_LANGUAGE_STANDARD = gnu11;
				GCC_DYNAMIC_NO_PIC = NO;
				GCC_NO_COMMON_BLOCKS = YES;
				GCC_OPTIMIZATION_LEVEL = 0;
				GCC_PREPROCESSOR_DEFINITIONS = (
					"DEBUG=1",
					"$(inherited)",
				);
				GCC_WARN_64_TO_32_BIT_CONVERSION = YES;
				GCC_WARN_ABOUT_RETURN_TYPE = YES_ERROR;
				GCC_WARN_UNDECLARED_SELECTOR = YES;
				GCC_WARN_UNINITIALIZED_AUTOS = YES_AGGRESSIVE;
				GCC_WARN_UNUSED_FUNCTION = YES;
				GCC_WARN_UNUSED_VARIABLE = YES;
				IPHONEOS_DEPLOYMENT_TARGET = 16.2;
				MTL_ENABLE_DEBUG_INFO = INCLUDE_SOURCE;
				MTL_FAST_MATH = YES;
				ONLY_ACTIVE_ARCH = YES;
				SDKROOT = iphoneos;
				SWIFT_ACTIVE_COMPILATION_CONDITIONS = DEBUG;
				SWIFT_OPTIMIZATION_LEVEL = "-Onone";
			};
			name = Debug;
		};
		D0BAE6CC2DACE63A0043277C /* Release */ = {
			isa = XCBuildConfiguration;
			buildSettings = {
				ALWAYS_SEARCH_USER_PATHS = NO;
				CLANG_ANALYZER_NONNULL = YES;
				CLANG_ANALYZER_NUMBER_OBJECT_CONVERSION = YES_AGGRESSIVE;
				CLANG_CXX_LANGUAGE_STANDARD = "gnu++20";
				CLANG_ENABLE_MODULES = YES;
				CLANG_ENABLE_OBJC_ARC = YES;
				CLANG_ENABLE_OBJC_WEAK = YES;
				CLANG_WARN_BLOCK_CAPTURE_AUTORELEASING = YES;
				CLANG_WARN_BOOL_CONVERSION = YES;
				CLANG_WARN_COMMA = YES;
				CLANG_WARN_CONSTANT_CONVERSION = YES;
				CLANG_WARN_DEPRECATED_OBJC_IMPLEMENTATIONS = YES;
				CLANG_WARN_DIRECT_OBJC_ISA_USAGE = YES_ERROR;
				CLANG_WARN_DOCUMENTATION_COMMENTS = YES;
				CLANG_WARN_EMPTY_BODY = YES;
				CLANG_WARN_ENUM_CONVERSION = YES;
				CLANG_WARN_INFINITE_RECURSION = YES;
				CLANG_WARN_INT_CONVERSION = YES;
				CLANG_WARN_NON_LITERAL_NULL_CONVERSION = YES;
				CLANG_WARN_OBJC_IMPLICIT_RETAIN_SELF = YES;
				CLANG_WARN_OBJC_LITERAL_CONVERSION = YES;
				CLANG_WARN_OBJC_ROOT_CLASS = YES_ERROR;
				CLANG_WARN_QUOTED_INCLUDE_IN_FRAMEWORK_HEADER = YES;
				CLANG_WARN_RANGE_LOOP_ANALYSIS = YES;
				CLANG_WARN_STRICT_PROTOTYPES = YES;
				CLANG_WARN_SUSPICIOUS_MOVE = YES;
				CLANG_WARN_UNGUARDED_AVAILABILITY = YES_AGGRESSIVE;
				CLANG_WARN_UNREACHABLE_CODE = YES;
				CLANG_WARN__DUPLICATE_METHOD_MATCH = YES;
				COPY_PHASE_STRIP = NO;
				DEBUG_INFORMATION_FORMAT = "dwarf-with-dsym";
				ENABLE_NS_ASSERTIONS = NO;
				ENABLE_STRICT_OBJC_MSGSEND = YES;
				GCC_C_LANGUAGE_STANDARD = gnu11;
				GCC_NO_COMMON_BLOCKS = YES;
				GCC_WARN_64_TO_32_BIT_CONVERSION = YES;
				GCC_WARN_ABOUT_RETURN_TYPE = YES_ERROR;
				GCC_WARN_UNDECLARED_SELECTOR = YES;
				GCC_WARN_UNINITIALIZED_AUTOS = YES_AGGRESSIVE;
				GCC_WARN_UNUSED_FUNCTION = YES;
				GCC_WARN_UNUSED_VARIABLE = YES;
				IPHONEOS_DEPLOYMENT_TARGET = 16.2;
				MTL_ENABLE_DEBUG_INFO = NO;
				MTL_FAST_MATH = YES;
				SDKROOT = iphoneos;
				SWIFT_COMPILATION_MODE = wholemodule;
				SWIFT_OPTIMIZATION_LEVEL = "-O";
				VALIDATE_PRODUCT = YES;
			};
			name = Release;
		};
		D0BAE6CE2DACE63A0043277C /* Debug */ = {
			isa = XCBuildConfiguration;
			buildSettings = {
				ASSETCATALOG_COMPILER_APPICON_NAME = AppIcon;
				ASSETCATALOG_COMPILER_GLOBAL_ACCENT_COLOR_NAME = AccentColor;
				CODE_SIGN_STYLE = Automatic;
				CURRENT_PROJECT_VERSION = 1;
				DEVELOPMENT_TEAM = V6CZUL3B24;
				GENERATE_INFOPLIST_FILE = YES;
				INFOPLIST_FILE = UnderstandingEverything/Info.plist;
				INFOPLIST_KEY_UIApplicationSupportsIndirectInputEvents = YES;
				INFOPLIST_KEY_UILaunchStoryboardName = LaunchScreen;
				INFOPLIST_KEY_UIMainStoryboardFile = Main;
				INFOPLIST_KEY_UISupportedInterfaceOrientations_iPad = "UIInterfaceOrientationPortrait UIInterfaceOrientationPortraitUpsideDown UIInterfaceOrientationLandscapeLeft UIInterfaceOrientationLandscapeRight";
				INFOPLIST_KEY_UISupportedInterfaceOrientations_iPhone = "UIInterfaceOrientationPortrait UIInterfaceOrientationLandscapeLeft UIInterfaceOrientationLandscapeRight";
				LD_RUNPATH_SEARCH_PATHS = (
					"$(inherited)",
					"@executable_path/Frameworks",
				);
				MARKETING_VERSION = 1.0;
				PRODUCT_BUNDLE_IDENTIFIER = Sapper.UnderstandingEverything;
				PRODUCT_NAME = "$(TARGET_NAME)";
				SWIFT_EMIT_LOC_STRINGS = YES;
				SWIFT_VERSION = 5.0;
				TARGETED_DEVICE_FAMILY = "1,2";
			};
			name = Debug;
		};
		D0BAE6CF2DACE63A0043277C /* Release */ = {
			isa = XCBuildConfiguration;
			buildSettings = {
				ASSETCATALOG_COMPILER_APPICON_NAME = AppIcon;
				ASSETCATALOG_COMPILER_GLOBAL_ACCENT_COLOR_NAME = AccentColor;
				CODE_SIGN_STYLE = Automatic;
				CURRENT_PROJECT_VERSION = 1;
				DEVELOPMENT_TEAM = V6CZUL3B24;
				GENERATE_INFOPLIST_FILE = YES;
				INFOPLIST_FILE = UnderstandingEverything/Info.plist;
				INFOPLIST_KEY_UIApplicationSupportsIndirectInputEvents = YES;
				INFOPLIST_KEY_UILaunchStoryboardName = LaunchScreen;
				INFOPLIST_KEY_UIMainStoryboardFile = Main;
				INFOPLIST_KEY_UISupportedInterfaceOrientations_iPad = "UIInterfaceOrientationPortrait UIInterfaceOrientationPortraitUpsideDown UIInterfaceOrientationLandscapeLeft UIInterfaceOrientationLandscapeRight";
				INFOPLIST_KEY_UISupportedInterfaceOrientations_iPhone = "UIInterfaceOrientationPortrait UIInterfaceOrientationLandscapeLeft UIInterfaceOrientationLandscapeRight";
				LD_RUNPATH_SEARCH_PATHS = (
					"$(inherited)",
					"@executable_path/Frameworks",
				);
				MARKETING_VERSION = 1.0;
				PRODUCT_BUNDLE_IDENTIFIER = Sapper.UnderstandingEverything;
				PRODUCT_NAME = "$(TARGET_NAME)";
				SWIFT_EMIT_LOC_STRINGS = YES;
				SWIFT_VERSION = 5.0;
				TARGETED_DEVICE_FAMILY = "1,2";
			};
			name = Release;
		};
		D0BAE6D12DACE63A0043277C /* Debug */ = {
			isa = XCBuildConfiguration;
			buildSettings = {
				ALWAYS_EMBED_SWIFT_STANDARD_LIBRARIES = YES;
				BUNDLE_LOADER = "$(TEST_HOST)";
				CODE_SIGN_STYLE = Automatic;
				CURRENT_PROJECT_VERSION = 1;
				DEVELOPMENT_TEAM = V6CZUL3B24;
				GENERATE_INFOPLIST_FILE = YES;
				IPHONEOS_DEPLOYMENT_TARGET = 16.2;
				MARKETING_VERSION = 1.0;
				PRODUCT_BUNDLE_IDENTIFIER = Sapper.UnderstandingEverythingTests;
				PRODUCT_NAME = "$(TARGET_NAME)";
				SWIFT_EMIT_LOC_STRINGS = NO;
				SWIFT_VERSION = 5.0;
				TARGETED_DEVICE_FAMILY = "1,2";
				TEST_HOST = "$(BUILT_PRODUCTS_DIR)/UnderstandingEverything.app/$(BUNDLE_EXECUTABLE_FOLDER_PATH)/UnderstandingEverything";
			};
			name = Debug;
		};
		D0BAE6D22DACE63A0043277C /* Release */ = {
			isa = XCBuildConfiguration;
			buildSettings = {
				ALWAYS_EMBED_SWIFT_STANDARD_LIBRARIES = YES;
				BUNDLE_LOADER = "$(TEST_HOST)";
				CODE_SIGN_STYLE = Automatic;
				CURRENT_PROJECT_VERSION = 1;
				DEVELOPMENT_TEAM = V6CZUL3B24;
				GENERATE_INFOPLIST_FILE = YES;
				IPHONEOS_DEPLOYMENT_TARGET = 16.2;
				MARKETING_VERSION = 1.0;
				PRODUCT_BUNDLE_IDENTIFIER = Sapper.UnderstandingEverythingTests;
				PRODUCT_NAME = "$(TARGET_NAME)";
				SWIFT_EMIT_LOC_STRINGS = NO;
				SWIFT_VERSION = 5.0;
				TARGETED_DEVICE_FAMILY = "1,2";
				TEST_HOST = "$(BUILT_PRODUCTS_DIR)/UnderstandingEverything.app/$(BUNDLE_EXECUTABLE_FOLDER_PATH)/UnderstandingEverything";
			};
			name = Release;
		};
		D0BAE6D42DACE63A0043277C /* Debug */ = {
			isa = XCBuildConfiguration;
			buildSettings = {
				ALWAYS_EMBED_SWIFT_STANDARD_LIBRARIES = YES;
				CODE_SIGN_STYLE = Automatic;
				CURRENT_PROJECT_VERSION = 1;
				DEVELOPMENT_TEAM = V6CZUL3B24;
				GENERATE_INFOPLIST_FILE = YES;
				MARKETING_VERSION = 1.0;
				PRODUCT_BUNDLE_IDENTIFIER = Sapper.UnderstandingEverythingUITests;
				PRODUCT_NAME = "$(TARGET_NAME)";
				SWIFT_EMIT_LOC_STRINGS = NO;
				SWIFT_VERSION = 5.0;
				TARGETED_DEVICE_FAMILY = "1,2";
				TEST_TARGET_NAME = UnderstandingEverything;
			};
			name = Debug;
		};
		D0BAE6D52DACE63A0043277C /* Release */ = {
			isa = XCBuildConfiguration;
			buildSettings = {
				ALWAYS_EMBED_SWIFT_STANDARD_LIBRARIES = YES;
				CODE_SIGN_STYLE = Automatic;
				CURRENT_PROJECT_VERSION = 1;
				DEVELOPMENT_TEAM = V6CZUL3B24;
				GENERATE_INFOPLIST_FILE = YES;
				MARKETING_VERSION = 1.0;
				PRODUCT_BUNDLE_IDENTIFIER = Sapper.UnderstandingEverythingUITests;
				PRODUCT_NAME = "$(TARGET_NAME)";
				SWIFT_EMIT_LOC_STRINGS = NO;
				SWIFT_VERSION = 5.0;
				TARGETED_DEVICE_FAMILY = "1,2";
				TEST_TARGET_NAME = UnderstandingEverything;
			};
			name = Release;
		};
/* End XCBuildConfiguration section */

/* Begin XCConfigurationList section */
		D0BAE69E2DACE6380043277C /* Build configuration list for PBXProject "UnderstandingEverything" */ = {
			isa = XCConfigurationList;
			buildConfigurations = (
				D0BAE6CB2DACE63A0043277C /* Debug */,
				D0BAE6CC2DACE63A0043277C /* Release */,
			);
			defaultConfigurationIsVisible = 0;
			defaultConfigurationName = Release;
		};
		D0BAE6CD2DACE63A0043277C /* Build configuration list for PBXNativeTarget "UnderstandingEverything" */ = {
			isa = XCConfigurationList;
			buildConfigurations = (
				D0BAE6CE2DACE63A0043277C /* Debug */,
				D0BAE6CF2DACE63A0043277C /* Release */,
			);
			defaultConfigurationIsVisible = 0;
			defaultConfigurationName = Release;
		};
		D0BAE6D02DACE63A0043277C /* Build configuration list for PBXNativeTarget "UnderstandingEverythingTests" */ = {
			isa = XCConfigurationList;
			buildConfigurations = (
				D0BAE6D12DACE63A0043277C /* Debug */,
				D0BAE6D22DACE63A0043277C /* Release */,
			);
			defaultConfigurationIsVisible = 0;
			defaultConfigurationName = Release;
		};
		D0BAE6D32DACE63A0043277C /* Build configuration list for PBXNativeTarget "UnderstandingEverythingUITests" */ = {
			isa = XCConfigurationList;
			buildConfigurations = (
				D0BAE6D42DACE63A0043277C /* Debug */,
				D0BAE6D52DACE63A0043277C /* Release */,
			);
			defaultConfigurationIsVisible = 0;
			defaultConfigurationName = Release;
		};
/* End XCConfigurationList section */
	};
	rootObject = D0BAE69B2DACE6380043277C /* Project object */;
}
